
Microsoft Visual Studio Solution File, Format Version 12.00
# Visual Studio Version 17
VisualStudioVersion = 17.14.36221.1 d17.14
MinimumVisualStudioVersion = 10.0.40219.1
Project("{FAE04EC0-301F-11D3-BF4B-00C04F79EFBC}") = "repro_wpffluent_datagrid", "repro_wpffluent_datagrid\repro_wpffluent_datagrid.csproj", "{FE9C60B0-C212-4EFB-98FC-3715799086A1}"
EndProject
Global
	GlobalSection(SolutionConfigurationPlatforms) = preSolution
		Debug|Any CPU = Debug|Any CPU
		Release|Any CPU = Release|Any CPU
	EndGlobalSection
	GlobalSection(ProjectConfigurationPlatforms) = postSolution
		{FE9C60B0-C212-4EFB-98FC-3715799086A1}.Debug|Any CPU.ActiveCfg = Debug|Any CPU
		{FE9C60B0-C212-4EFB-98FC-3715799086A1}.Debug|Any CPU.Build.0 = Debug|Any CPU
		{FE9C60B0-C212-4EFB-98FC-3715799086A1}.Release|Any CPU.ActiveCfg = Release|Any CPU
		{FE9C60B0-C212-4EFB-98FC-3715799086A1}.Release|Any CPU.Build.0 = Release|Any CPU
	EndGlobalSection
	GlobalSection(SolutionProperties) = preSolution
		HideSolutionNode = FALSE
	EndGlobalSection
	GlobalSection(ExtensibilityGlobals) = postSolution
		SolutionGuid = {A7A0C558-D080-44C1-AF91-C7EC8BEEE965}
	EndGlobalSection
EndGlobal
